
Microsoft Visual Studio Solution File, Format Version 12.00
# Visual Studio Version 17
VisualStudioVersion = 17.3.32819.101
MinimumVisualStudioVersion = 10.0.40219.1
Project("{FAE04EC0-301F-11D3-BF4B-00C04F79EFBC}") = "social network nosql", "sns-nrdb\social network nosql.csproj", "{1A096CEE-4235-4726-ACB5-166902BD61AA}"
EndProject
Global
	GlobalSection(SolutionConfigurationPlatforms) = preSolution
		Debug|Any CPU = Debug|Any CPU
		Release|Any CPU = Release|Any CPU
	EndGlobalSection
	GlobalSection(ProjectConfigurationPlatforms) = postSolution
		{1A096CEE-4235-4726-ACB5-166902BD61AA}.Debug|Any CPU.ActiveCfg = Debug|Any CPU
		{1A096CEE-4235-4726-ACB5-166902BD61AA}.Debug|Any CPU.Build.0 = Debug|Any CPU
		{1A096CEE-4235-4726-ACB5-166902BD61AA}.Release|Any CPU.ActiveCfg = Release|Any CPU
		{1A096CEE-4235-4726-ACB5-166902BD61AA}.Release|Any CPU.Build.0 = Release|Any CPU
	EndGlobalSection
	GlobalSection(SolutionProperties) = preSolution
		HideSolutionNode = FALSE
	EndGlobalSection
	GlobalSection(ExtensibilityGlobals) = postSolution
		SolutionGuid = {FD40A1C0-9496-4FD1-9190-71DB5C330143}
	EndGlobalSection
EndGlobal
